
Microsoft Visual Studio Solution File, Format Version 12.00
# Visual Studio 15
VisualStudioVersion = 15.0.27428.2043
MinimumVisualStudioVersion = 10.0.40219.1
Project("{FAE04EC0-301F-11D3-BF4B-00C04F79EFBC}") = "LezioneApp1", "LezioneApp1\LezioneApp1.csproj", "{D70C79CC-EA18-4323-851A-B0506808ECE8}"
EndProject
Global
	GlobalSection(SolutionConfigurationPlatforms) = preSolution
		Debug|Any CPU = Debug|Any CPU
		Release|Any CPU = Release|Any CPU
	EndGlobalSection
	GlobalSection(ProjectConfigurationPlatforms) = postSolution
		{D70C79CC-EA18-4323-851A-B0506808ECE8}.Debug|Any CPU.ActiveCfg = Debug|Any CPU
		{D70C79CC-EA18-4323-851A-B0506808ECE8}.Debug|Any CPU.Build.0 = Debug|Any CPU
		{D70C79CC-EA18-4323-851A-B0506808ECE8}.Release|Any CPU.ActiveCfg = Release|Any CPU
		{D70C79CC-EA18-4323-851A-B0506808ECE8}.Release|Any CPU.Build.0 = Release|Any CPU
	EndGlobalSection
	GlobalSection(SolutionProperties) = preSolution
		HideSolutionNode = FALSE
	EndGlobalSection
	GlobalSection(ExtensibilityGlobals) = postSolution
		SolutionGuid = {72F3F9A4-BE5A-42BB-9EC7-039F717ACE55}
	EndGlobalSection
EndGlobal
